// !$*UTF8*$!
{
	archiveVersion = 1;
	classes = {
	};
	objectVersion = 77;
	objects = {

/* Begin PBXContainerItemProxy section */
		5FB55F4F2FC99A9E005489FF /* PBXContainerItemProxy */ = {
			isa = PBXContainerItemProxy;
			containerPortal = 5FB55F342FC99A9D005489FF /* Project object */;
			proxyType = 1;
			remoteGlobalIDString = 5FB55F3B2FC99A9D005489FF;
			remoteInfo = stasse_rinaldis;
		};
		5FB55F592FC99A9E005489FF /* PBXContainerItemProxy */ = {
			isa = PBXContainerItemProxy;
			containerPortal = 5FB55F342FC99A9D005489FF /* Project object */;
			proxyType = 1;
			remoteGlobalIDString = 5FB55F3B2FC99A9D005489FF;
			remoteInfo = stasse_rinaldis;
		};
/* End PBXContainerItemProxy section */

/* Begin PBXFileReference section */
		5FB55F3C2FC99A9D005489FF /* stasse_rinaldis.app */ = {isa = PBXFileReference; explicitFileType = wrapper.application; includeInIndex = 0; path = stasse_rinaldis.app; sourceTree = BUILT_PRODUCTS_DIR; };
		5FB55F4E2FC99A9E005489FF /* stasse_rinaldisTests.xctest */ = {isa = PBXFileReference; explicitFileType = wrapper.cfbundle; includeInIndex = 0; path = stasse_rinaldisTests.xctest; sourceTree = BUILT_PRODUCTS_DIR; };
		5FB55F582FC99A9E005489FF /* stasse_rinaldisUITests.xctest */ = {isa = PBXFileReference; explicitFileType = wrapper.cfbundle; includeInIndex = 0; path = stasse_rinaldisUITests.xctest; sourceTree = BUILT_PRODUCTS_DIR; };
/* End PBXFileReference section */

/* Begin PBXFileSystemSynchronizedRootGroup section */
		5FB55F3E2FC99A9D005489FF /* stasse_rinaldis */ = {
			isa = PBXFileSystemSynchronizedRootGroup;
			path = stasse_rinaldis;
			sourceTree = "<group>";
		};
		5FB55F512FC99A9E005489FF /* stasse_rinaldisTests */ = {
			isa = PBXFileSystemSynchronizedRootGroup;
			path = stasse_rinaldisTests;
			sourceTree = "<group>";
		};
		5FB55F5B2FC99A9E005489FF /* stasse_rinaldisUITests */ = {
			isa = PBXFileSystemSynchronizedRootGroup;
			path = stasse_rinaldisUITests;
			sourceTree = "<group>";
		};
/* End PBXFileSystemSynchronizedRootGroup section */

/* Begin PBXFrameworksBuildPhase section */
		5FB55F392FC99A9D005489FF /* Frameworks */ = {
			isa = PBXFrameworksBuildPhase;
			buildActionMask = 2147483647;
			files = (
			);
			runOnlyForDeploymentPostprocessing = 0;
		};
		5FB55F4B2FC99A9E005489FF /* Frameworks */ = {
			isa = PBXFrameworksBuildPhase;
			buildActionMask = 2147483647;
			files = (
			);
			runOnlyForDeploymentPostprocessing = 0;
		};
		5FB55F552FC99A9E005489FF /* Frameworks */ = {
			isa = PBXFrameworksBuildPhase;
			buildActionMask = 2147483647;
			files = (
			);
			runOnlyForDeploymentPostprocessing = 0;
		};
/* End PBXFrameworksBuildPhase section */

/* Begin PBXGroup section */
		5FB55F332FC99A9D005489FF = {
			isa = PBXGroup;
			children = (
				5FB55F3E2FC99A9D005489FF /* stasse_rinaldis */,
				5FB55F512FC99A9E005489FF /* stasse_rinaldisTests */,
				5FB55F5B2FC99A9E005489FF /* stasse_rinaldisUITests */,
				5FB55F3D2FC99A9D005489FF /* Products */,
			);
			sourceTree = "<group>";
		};
		5FB55F3D2FC99A9D005489FF /* Products */ = {
			isa = PBXGroup;
			children = (
				5FB55F3C2FC99A9D005489FF /* stasse_rinaldis.app */,
				5FB55F4E2FC99A9E005489FF /* stasse_rinaldisTests.xctest */,
				5FB55F582FC99A9E005489FF /* stasse_rinaldisUITests.xctest */,
			);
			name = Products;
			sourceTree = "<group>";
		};
/* End PBXGroup section */

/* Begin PBXNativeTarget section */
		5FB55F3B2FC99A9D005489FF /* stasse_rinaldis */ = {
			isa = PBXNativeTarget;
			buildConfigurationList = 5FB55F622FC99A9E005489FF /* Build configuration list for PBXNativeTarget "stasse_rinaldis" */;
			buildPhases = (
				5FB55F382FC99A9D005489FF /* Sources */,
				5FB55F392FC99A9D005489FF /* Frameworks */,
				5FB55F3A2FC99A9D005489FF /* Resources */,
			);
			buildRules = (
			);
			dependencies = (
			);
			fileSystemSynchronizedGroups = (
				5FB55F3E2FC99A9D005489FF /* stasse_rinaldis */,
			);
			name = stasse_rinaldis;
			packageProductDependencies = (
			);
			productName = stasse_rinaldis;
			productReference = 5FB55F3C2FC99A9D005489FF /* stasse_rinaldis.app */;
			productType = "com.apple.product-type.application";
		};
		5FB55F4D2FC99A9E005489FF /* stasse_rinaldisTests */ = {
			isa = PBXNativeTarget;
			buildConfigurationList = 5FB55F652FC99A9E005489FF /* Build configuration list for PBXNativeTarget "stasse_rinaldisTests" */;
			buildPhases = (
				5FB55F4A2FC99A9E005489FF /* Sources */,
				5FB55F4B2FC99A9E005489FF /* Frameworks */,
				5FB55F4C2FC99A9E005489FF /* Resources */,
			);
			buildRules = (
			);
			dependencies = (
				5FB55F502FC99A9E005489FF /* PBXTargetDependency */,
			);
			fileSystemSynchronizedGroups = (
				5FB55F512FC99A9E005489FF /* stasse_rinaldisTests */,
			);
			name = stasse_rinaldisTests;
			packageProductDependencies = (
			);
			productName = stasse_rinaldisTests;
			productReference = 5FB55F4E2FC99A9E005489FF /* stasse_rinaldisTests.xctest */;
			productType = "com.apple.product-type.bundle.unit-test";
		};
		5FB55F572FC99A9E005489FF /* stasse_rinaldisUITests */ = {
			isa = PBXNativeTarget;
			buildConfigurationList = 5FB55F682FC99A9E005489FF /* Build configuration list for PBXNativeTarget "stasse_rinaldisUITests" */;
			buildPhases = (
				5FB55F542FC99A9E005489FF /* Sources */,
				5FB55F552FC99A9E005489FF /* Frameworks */,
				5FB55F562FC99A9E005489FF /* Resources */,
			);
			buildRules = (
			);
			dependencies = (
				5FB55F5A2FC99A9E005489FF /* PBXTargetDependency */,
			);
			fileSystemSynchronizedGroups = (
				5FB55F5B2FC99A9E005489FF /* stasse_rinaldisUITests */,
			);
			name = stasse_rinaldisUITests;
			packageProductDependencies = (
			);
			productName = stasse_rinaldisUITests;
			productReference = 5FB55F582FC99A9E005489FF /* stasse_rinaldisUITests.xctest */;
			productType = "com.apple.product-type.bundle.ui-testing";
		};
/* End PBXNativeTarget section */

/* Begin PBXProject section */
		5FB55F342FC99A9D005489FF /* Project object */ = {
			isa = PBXProject;
			attributes = {
				BuildIndependentTargetsInParallel = 1;
				LastSwiftUpdateCheck = 1640;
				LastUpgradeCheck = 1640;
				TargetAttributes = {
					5FB55F3B2FC99A9D005489FF = {
						CreatedOnToolsVersion = 16.4;
					};
					5FB55F4D2FC99A9E005489FF = {
						CreatedOnToolsVersion = 16.4;
						TestTargetID = 5FB55F3B2FC99A9D005489FF;
					};
					5FB55F572FC99A9E005489FF = {
						CreatedOnToolsVersion = 16.4;
						TestTargetID = 5FB55F3B2FC99A9D005489FF;
					};
				};
			};
			buildConfigurationList = 5FB55F372FC99A9D005489FF /* Build configuration list for PBXProject "stasse_rinaldis" */;
			developmentRegion = en;
			hasScannedForEncodings = 0;
			knownRegions = (
				en,
				Base,
			);
			mainGroup = 5FB55F332FC99A9D005489FF;
			minimizedProjectReferenceProxies = 1;
			preferredProjectObjectVersion = 77;
			productRefGroup = 5FB55F3D2FC99A9D005489FF /* Products */;
			projectDirPath = "";
			projectRoot = "";
			targets = (
				5FB55F3B2FC99A9D005489FF /* stasse_rinaldis */,
				5FB55F4D2FC99A9E005489FF /* stasse_rinaldisTests */,
				5FB55F572FC99A9E005489FF /* stasse_rinaldisUITests */,
			);
		};
/* End PBXProject section */

/* Begin PBXResourcesBuildPhase section */
		5FB55F3A2FC99A9D005489FF /* Resources */ = {
			isa = PBXResourcesBuildPhase;
			buildActionMask = 2147483647;
			files = (
			);
			runOnlyForDeploymentPostprocessing = 0;
		};
		5FB55F4C2FC99A9E005489FF /* Resources */ = {
			isa = PBXResourcesBuildPhase;
			buildActionMask = 2147483647;
			files = (
			);
			runOnlyForDeploymentPostprocessing = 0;
		};
		5FB55F562FC99A9E005489FF /* Resources */ = {
			isa = PBXResourcesBuildPhase;
			buildActionMask = 2147483647;
			files = (
			);
			runOnlyForDeploymentPostprocessing = 0;
		};
/* End PBXResourcesBuildPhase section */

/* Begin PBXSourcesBuildPhase section */
		5FB55F382FC99A9D005489FF /* Sources */ = {
			isa = PBXSourcesBuildPhase;
			buildActionMask = 2147483647;
			files = (
			);
			runOnlyForDeploymentPostprocessing = 0;
		};
		5FB55F4A2FC99A9E005489FF /* Sources */ = {
			isa = PBXSourcesBuildPhase;
			buildActionMask = 2147483647;
			files = (
			);
			runOnlyForDeploymentPostprocessing = 0;
		};
		5FB55F542FC99A9E005489FF /* Sources */ = {
			isa = PBXSourcesBuildPhase;
			buildActionMask = 2147483647;
			files = (
			);
			runOnlyForDeploymentPostprocessing = 0;
		};
/* End PBXSourcesBuildPhase section */

/* Begin PBXTargetDependency section */
		5FB55F502FC99A9E005489FF /* PBXTargetDependency */ = {
			isa = PBXTargetDependency;
			target = 5FB55F3B2FC99A9D005489FF /* stasse_rinaldis */;
			targetProxy = 5FB55F4F2FC99A9E005489FF /* PBXContainerItemProxy */;
		};
		5FB55F5A2FC99A9E005489FF /* PBXTargetDependency */ = {
			isa = PBXTargetDependency;
			target = 5FB55F3B2FC99A9D005489FF /* stasse_rinaldis */;
			targetProxy = 5FB55F592FC99A9E005489FF /* PBXContainerItemProxy */;
		};
/* End PBXTargetDependency section */

/* Begin XCBuildConfiguration section */
		5FB55F602FC99A9E005489FF /* Debug */ = {
			isa = XCBuildConfiguration;
			buildSettings = {
				ALWAYS_SEARCH_USER_PATHS = NO;
				ASSETCATALOG_COMPILER_GENERATE_SWIFT_ASSET_SYMBOL_EXTENSIONS = YES;
				CLANG_ANALYZER_NONNULL = YES;
				CLANG_ANALYZER_NUMBER_OBJECT_CONVERSION = YES_AGGRESSIVE;
				CLANG_CXX_LANGUAGE_STANDARD = "gnu++20";
				CLANG_ENABLE_MODULES = YES;
				CLANG_ENABLE_OBJC_ARC = YES;
				CLANG_ENABLE_OBJC_WEAK = YES;
				CLANG_WARN_BLOCK_CAPTURE_AUTORELEASING = YES;
				CLANG_WARN_BOOL_CONVERSION = YES;
				CLANG_WARN_COMMA = YES;
				CLANG_WARN_CONSTANT_CONVERSION = YES;
				CLANG_WARN_DEPRECATED_OBJC_IMPLEMENTATIONS = YES;
				CLANG_WARN_DIRECT_OBJC_ISA_USAGE = YES_ERROR;
				CLANG_WARN_DOCUMENTATION_COMMENTS = YES;
				CLANG_WARN_EMPTY_BODY = YES;
				CLANG_WARN_ENUM_CONVERSION = YES;
				CLANG_WARN_INFINITE_RECURSION = YES;
				CLANG_WARN_INT_CONVERSION = YES;
				CLANG_WARN_NON_LITERAL_NULL_CONVERSION = YES;
				CLANG_WARN_OBJC_IMPLICIT_RETAIN_SELF = YES;
				CLANG_WARN_OBJC_LITERAL_CONVERSION = YES;
				CLANG_WARN_OBJC_ROOT_CLASS = YES_ERROR;
				CLANG_WARN_QUOTED_INCLUDE_IN_FRAMEWORK_HEADER = YES;
				CLANG_WARN_RANGE_LOOP_ANALYSIS = YES;
				CLANG_WARN_STRICT_PROTOTYPES = YES;
				CLANG_WARN_SUSPICIOUS_MOVE = YES;
				CLANG_WARN_UNGUARDED_AVAILABILITY = YES_AGGRESSIVE;
				CLANG_WARN_UNREACHABLE_CODE = YES;
				CLANG_WARN__DUPLICATE_METHOD_MATCH = YES;
				COPY_PHASE_STRIP = NO;
				DEBUG_INFORMATION_FORMAT = dwarf;
				ENABLE_STRICT_OBJC_MSGSEND = YES;
				ENABLE_TESTABILITY = YES;
				ENABLE_USER_SCRIPT_SANDBOXING = YES;
				GCC_C_LANGUAGE_STANDARD = gnu17;
				GCC_DYNAMIC_NO_PIC = NO;
				GCC_NO_COMMON_BLOCKS = YES;
				GCC_OPTIMIZATION_LEVEL = 0;
				GCC_PREPROCESSOR_DEFINITIONS = (
					"DEBUG=1",
					"$(inherited)",
				);
				GCC_WARN_64_TO_32_BIT_CONVERSION = YES;
				GCC_WARN_ABOUT_RETURN_TYPE = YES_ERROR;
				GCC_WARN_UNDECLARED_SELECTOR = YES;
				GCC_WARN_UNINITIALIZED_AUTOS = YES_AGGRESSIVE;
				GCC_WARN_UNUSED_FUNCTION = YES;
				GCC_WARN_UNUSED_VARIABLE = YES;
				IPHONEOS_DEPLOYMENT_TARGET = 18.5;
				LOCALIZATION_PREFERS_STRING_CATALOGS = YES;
				MTL_ENABLE_DEBUG_INFO = INCLUDE_SOURCE;
				MTL_FAST_MATH = YES;
				ONLY_ACTIVE_ARCH = YES;
				SDKROOT = iphoneos;
				SWIFT_ACTIVE_COMPILATION_CONDITIONS = "DEBUG $(inherited)";
				SWIFT_OPTIMIZATION_LEVEL = "-Onone";
			};
			name = Debug;
		};
		5FB55F612FC99A9E005489FF /* Release */ = {
			isa = XCBuildConfiguration;
			buildSettings = {
				ALWAYS_SEARCH_USER_PATHS = NO;
				ASSETCATALOG_COMPILER_GENERATE_SWIFT_ASSET_SYMBOL_EXTENSIONS = YES;
				CLANG_ANALYZER_NONNULL = YES;
				CLANG_ANALYZER_NUMBER_OBJECT_CONVERSION = YES_AGGRESSIVE;
				CLANG_CXX_LANGUAGE_STANDARD = "gnu++20";
				CLANG_ENABLE_MODULES = YES;
				CLANG_ENABLE_OBJC_ARC = YES;
				CLANG_ENABLE_OBJC_WEAK = YES;
				CLANG_WARN_BLOCK_CAPTURE_AUTORELEASING = YES;
				CLANG_WARN_BOOL_CONVERSION = YES;
				CLANG_WARN_COMMA = YES;
				CLANG_WARN_CONSTANT_CONVERSION = YES;
				CLANG_WARN_DEPRECATED_OBJC_IMPLEMENTATIONS = YES;
				CLANG_WARN_DIRECT_OBJC_ISA_USAGE = YES_ERROR;
				CLANG_WARN_DOCUMENTATION_COMMENTS = YES;
				CLANG_WARN_EMPTY_BODY = YES;
				CLANG_WARN_ENUM_CONVERSION = YES;
				CLANG_WARN_INFINITE_RECURSION = YES;
				CLANG_WARN_INT_CONVERSION = YES;
				CLANG_WARN_NON_LITERAL_NULL_CONVERSION = YES;
				CLANG_WARN_OBJC_IMPLICIT_RETAIN_SELF = YES;
				CLANG_WARN_OBJC_LITERAL_CONVERSION = YES;
				CLANG_WARN_OBJC_ROOT_CLASS = YES_ERROR;
				CLANG_WARN_QUOTED_INCLUDE_IN_FRAMEWORK_HEADER = YES;
				CLANG_WARN_RANGE_LOOP_ANALYSIS = YES;
				CLANG_WARN_STRICT_PROTOTYPES = YES;
				CLANG_WARN_SUSPICIOUS_MOVE = YES;
				CLANG_WARN_UNGUARDED_AVAILABILITY = YES_AGGRESSIVE;
				CLANG_WARN_UNREACHABLE_CODE = YES;
				CLANG_WARN__DUPLICATE_METHOD_MATCH = YES;
				COPY_PHASE_STRIP = NO;
				DEBUG_INFORMATION_FORMAT = "dwarf-with-dsym";
				ENABLE_NS_ASSERTIONS = NO;
				ENABLE_STRICT_OBJC_MSGSEND = YES;
				ENABLE_USER_SCRIPT_SANDBOXING = YES;
				GCC_C_LANGUAGE_STANDARD = gnu17;
				GCC_NO_COMMON_BLOCKS = YES;
				GCC_WARN_64_TO_32_BIT_CONVERSION = YES;
				GCC_WARN_ABOUT_RETURN_TYPE = YES_ERROR;
				GCC_WARN_UNDECLARED_SELECTOR = YES;
				GCC_WARN_UNINITIALIZED_AUTOS = YES_AGGRESSIVE;
				GCC_WARN_UNUSED_FUNCTION = YES;
				GCC_WARN_UNUSED_VARIABLE = YES;
				IPHONEOS_DEPLOYMENT_TARGET = 18.5;
				LOCALIZATION_PREFERS_STRING_CATALOGS = YES;
				MTL_ENABLE_DEBUG_INFO = NO;
				MTL_FAST_MATH = YES;
				SDKROOT = iphoneos;
				SWIFT_COMPILATION_MODE = wholemodule;
				VALIDATE_PRODUCT = YES;
			};
			name = Release;
		};
		5FB55F632FC99A9E005489FF /* Debug */ = {
			isa = XCBuildConfiguration;
			buildSettings = {
				ASSETCATALOG_COMPILER_APPICON_NAME = AppIcon;
				ASSETCATALOG_COMPILER_GLOBAL_ACCENT_COLOR_NAME = AccentColor;
				CODE_SIGN_STYLE = Automatic;
				CURRENT_PROJECT_VERSION = 1;
				ENABLE_PREVIEWS = YES;
				GENERATE_INFOPLIST_FILE = YES;
				INFOPLIST_KEY_UIApplicationSceneManifest_Generation = YES;
				INFOPLIST_KEY_UIApplicationSupportsIndirectInputEvents = YES;
				INFOPLIST_KEY_UILaunchScreen_Generation = YES;
				INFOPLIST_KEY_UISupportedInterfaceOrientations_iPad = "UIInterfaceOrientationPortrait UIInterfaceOrientationPortraitUpsideDown UIInterfaceOrientationLandscapeLeft UIInterfaceOrientationLandscapeRight";
				INFOPLIST_KEY_UISupportedInterfaceOrientations_iPhone = "UIInterfaceOrientationPortrait UIInterfaceOrientationLandscapeLeft UIInterfaceOrientationLandscapeRight";
				LD_RUNPATH_SEARCH_PATHS = (
					"$(inherited)",
					"@executable_path/Frameworks",
				);
				MARKETING_VERSION = 1.0;
				PRODUCT_BUNDLE_IDENTIFIER = "com.dev.test.app.stasse-rinaldis";
				PRODUCT_NAME = "$(TARGET_NAME)";
				SWIFT_EMIT_LOC_STRINGS = YES;
				SWIFT_VERSION = 5.0;
				TARGETED_DEVICE_FAMILY = "1,2";
			};
			name = Debug;
		};
		5FB55F642FC99A9E005489FF /* Release */ = {
			isa = XCBuildConfiguration;
			buildSettings = {
				ASSETCATALOG_COMPILER_APPICON_NAME = AppIcon;
				ASSETCATALOG_COMPILER_GLOBAL_ACCENT_COLOR_NAME = AccentColor;
				CODE_SIGN_STYLE = Automatic;
				CURRENT_PROJECT_VERSION = 1;
				ENABLE_PREVIEWS = YES;
				GENERATE_INFOPLIST_FILE = YES;
				INFOPLIST_KEY_UIApplicationSceneManifest_Generation = YES;
				INFOPLIST_KEY_UIApplicationSupportsIndirectInputEvents = YES;
				INFOPLIST_KEY_UILaunchScreen_Generation = YES;
				INFOPLIST_KEY_UISupportedInterfaceOrientations_iPad = "UIInterfaceOrientationPortrait UIInterfaceOrientationPortraitUpsideDown UIInterfaceOrientationLandscapeLeft UIInterfaceOrientationLandscapeRight";
				INFOPLIST_KEY_UISupportedInterfaceOrientations_iPhone = "UIInterfaceOrientationPortrait UIInterfaceOrientationLandscapeLeft UIInterfaceOrientationLandscapeRight";
				LD_RUNPATH_SEARCH_PATHS = (
					"$(inherited)",
					"@executable_path/Frameworks",
				);
				MARKETING_VERSION = 1.0;
				PRODUCT_BUNDLE_IDENTIFIER = "com.dev.test.app.stasse-rinaldis";
				PRODUCT_NAME = "$(TARGET_NAME)";
				SWIFT_EMIT_LOC_STRINGS = YES;
				SWIFT_VERSION = 5.0;
				TARGETED_DEVICE_FAMILY = "1,2";
			};
			name = Release;
		};
		5FB55F662FC99A9E005489FF /* Debug */ = {
			isa = XCBuildConfiguration;
			buildSettings = {
				BUNDLE_LOADER = "$(TEST_HOST)";
				CODE_SIGN_STYLE = Automatic;
				CURRENT_PROJECT_VERSION = 1;
				GENERATE_INFOPLIST_FILE = YES;
				IPHONEOS_DEPLOYMENT_TARGET = 18.5;
				MARKETING_VERSION = 1.0;
				PRODUCT_BUNDLE_IDENTIFIER = "com.dev.test.app.stasse-rinaldisTests";
				PRODUCT_NAME = "$(TARGET_NAME)";
				SWIFT_EMIT_LOC_STRINGS = NO;
				SWIFT_VERSION = 5.0;
				TARGETED_DEVICE_FAMILY = "1,2";
				TEST_HOST = "$(BUILT_PRODUCTS_DIR)/stasse_rinaldis.app/$(BUNDLE_EXECUTABLE_FOLDER_PATH)/stasse_rinaldis";
			};
			name = Debug;
		};
		5FB55F672FC99A9E005489FF /* Release */ = {
			isa = XCBuildConfiguration;
			buildSettings = {
				BUNDLE_LOADER = "$(TEST_HOST)";
				CODE_SIGN_STYLE = Automatic;
				CURRENT_PROJECT_VERSION = 1;
				GENERATE_INFOPLIST_FILE = YES;
				IPHONEOS_DEPLOYMENT_TARGET = 18.5;
				MARKETING_VERSION = 1.0;
				PRODUCT_BUNDLE_IDENTIFIER = "com.dev.test.app.stasse-rinaldisTests";
				PRODUCT_NAME = "$(TARGET_NAME)";
				SWIFT_EMIT_LOC_STRINGS = NO;
				SWIFT_VERSION = 5.0;
				TARGETED_DEVICE_FAMILY = "1,2";
				TEST_HOST = "$(BUILT_PRODUCTS_DIR)/stasse_rinaldis.app/$(BUNDLE_EXECUTABLE_FOLDER_PATH)/stasse_rinaldis";
			};
			name = Release;
		};
		5FB55F692FC99A9E005489FF /* Debug */ = {
			isa = XCBuildConfiguration;
			buildSettings = {
				CODE_SIGN_STYLE = Automatic;
				CURRENT_PROJECT_VERSION = 1;
				GENERATE_INFOPLIST_FILE = YES;
				MARKETING_VERSION = 1.0;
				PRODUCT_BUNDLE_IDENTIFIER = "com.dev.test.app.stasse-rinaldisUITests";
				PRODUCT_NAME = "$(TARGET_NAME)";
				SWIFT_EMIT_LOC_STRINGS = NO;
				SWIFT_VERSION = 5.0;
				TARGETED_DEVICE_FAMILY = "1,2";
				TEST_TARGET_NAME = stasse_rinaldis;
			};
			name = Debug;
		};
		5FB55F6A2FC99A9E005489FF /* Release */ = {
			isa = XCBuildConfiguration;
			buildSettings = {
				CODE_SIGN_STYLE = Automatic;
				CURRENT_PROJECT_VERSION = 1;
				GENERATE_INFOPLIST_FILE = YES;
				MARKETING_VERSION = 1.0;
				PRODUCT_BUNDLE_IDENTIFIER = "com.dev.test.app.stasse-rinaldisUITests";
				PRODUCT_NAME = "$(TARGET_NAME)";
				SWIFT_EMIT_LOC_STRINGS = NO;
				SWIFT_VERSION = 5.0;
				TARGETED_DEVICE_FAMILY = "1,2";
				TEST_TARGET_NAME = stasse_rinaldis;
			};
			name = Release;
		};
/* End XCBuildConfiguration section */

/* Begin XCConfigurationList section */
		5FB55F372FC99A9D005489FF /* Build configuration list for PBXProject "stasse_rinaldis" */ = {
			isa = XCConfigurationList;
			buildConfigurations = (
				5FB55F602FC99A9E005489FF /* Debug */,
				5FB55F612FC99A9E005489FF /* Release */,
			);
			defaultConfigurationIsVisible = 0;
			defaultConfigurationName = Release;
		};
		5FB55F622FC99A9E005489FF /* Build configuration list for PBXNativeTarget "stasse_rinaldis" */ = {
			isa = XCConfigurationList;
			buildConfigurations = (
				5FB55F632FC99A9E005489FF /* Debug */,
				5FB55F642FC99A9E005489FF /* Release */,
			);
			defaultConfigurationIsVisible = 0;
			defaultConfigurationName = Release;
		};
		5FB55F652FC99A9E005489FF /* Build configuration list for PBXNativeTarget "stasse_rinaldisTests" */ = {
			isa = XCConfigurationList;
			buildConfigurations = (
				5FB55F662FC99A9E005489FF /* Debug */,
				5FB55F672FC99A9E005489FF /* Release */,
			);
			defaultConfigurationIsVisible = 0;
			defaultConfigurationName = Release;
		};
		5FB55F682FC99A9E005489FF /* Build configuration list for PBXNativeTarget "stasse_rinaldisUITests" */ = {
			isa = XCConfigurationList;
			buildConfigurations = (
				5FB55F692FC99A9E005489FF /* Debug */,
				5FB55F6A2FC99A9E005489FF /* Release */,
			);
			defaultConfigurationIsVisible = 0;
			defaultConfigurationName = Release;
		};
/* End XCConfigurationList section */
	};
	rootObject = 5FB55F342FC99A9D005489FF /* Project object */;
}
